
Microsoft Visual Studio Solution File, Format Version 12.00
# Visual Studio Version 17
VisualStudioVersion = 17.2.32630.192
MinimumVisualStudioVersion = 10.0.40219.1
Project("{FAE04EC0-301F-11D3-BF4B-00C04F79EFBC}") = "Tic-Tac-Toe", "Tic-Tac-Toe\Tic-Tac-Toe.csproj", "{D9DB9221-1297-4419-AB9C-C997E8B40EFE}"
EndProject
Global
	GlobalSection(SolutionConfigurationPlatforms) = preSolution
		Debug|Any CPU = Debug|Any CPU
		Release|Any CPU = Release|Any CPU
	EndGlobalSection
	GlobalSection(ProjectConfigurationPlatforms) = postSolution
		{D9DB9221-1297-4419-AB9C-C997E8B40EFE}.Debug|Any CPU.ActiveCfg = Debug|Any CPU
		{D9DB9221-1297-4419-AB9C-C997E8B40EFE}.Debug|Any CPU.Build.0 = Debug|Any CPU
		{D9DB9221-1297-4419-AB9C-C997E8B40EFE}.Release|Any CPU.ActiveCfg = Release|Any CPU
		{D9DB9221-1297-4419-AB9C-C997E8B40EFE}.Release|Any CPU.Build.0 = Release|Any CPU
	EndGlobalSection
	GlobalSection(SolutionProperties) = preSolution
		HideSolutionNode = FALSE
	EndGlobalSection
	GlobalSection(ExtensibilityGlobals) = postSolution
		SolutionGuid = {4B9FB7DF-02EF-463F-B521-7160CD81E297}
	EndGlobalSection
EndGlobal
